
Microsoft Visual Studio Solution File, Format Version 12.00
# Visual Studio 15
VisualStudioVersion = 15.0.27130.2036
MinimumVisualStudioVersion = 10.0.40219.1
Project("{8BC9CEB8-8B4A-11D0-8D11-00A0C91BC942}") = "ChessGame", "ChessGame\ChessGame.vcxproj", "{137799D6-4A2A-4222-9047-22C5C800D220}"
EndProject
Global
	GlobalSection(SolutionConfigurationPlatforms) = preSolution
		Debug|x64 = Debug|x64
		Debug|x86 = Debug|x86
		Release|x64 = Release|x64
		Release|x86 = Release|x86
	EndGlobalSection
	GlobalSection(ProjectConfigurationPlatforms) = postSolution
		{137799D6-4A2A-4222-9047-22C5C800D220}.Debug|x64.ActiveCfg = Debug|x64
		{137799D6-4A2A-4222-9047-22C5C800D220}.Debug|x64.Build.0 = Debug|x64
		{137799D6-4A2A-4222-9047-22C5C800D220}.Debug|x86.ActiveCfg = Debug|Win32
		{137799D6-4A2A-4222-9047-22C5C800D220}.Debug|x86.Build.0 = Debug|Win32
		{137799D6-4A2A-4222-9047-22C5C800D220}.Release|x64.ActiveCfg = Release|x64
		{137799D6-4A2A-4222-9047-22C5C800D220}.Release|x64.Build.0 = Release|x64
		{137799D6-4A2A-4222-9047-22C5C800D220}.Release|x86.ActiveCfg = Release|Win32
		{137799D6-4A2A-4222-9047-22C5C800D220}.Release|x86.Build.0 = Release|Win32
	EndGlobalSection
	GlobalSection(SolutionProperties) = preSolution
		HideSolutionNode = FALSE
	EndGlobalSection
	GlobalSection(ExtensibilityGlobals) = postSolution
		SolutionGuid = {991CAEE1-7875-4098-9FC3-423D05A197C6}
	EndGlobalSection
EndGlobal
